
Microsoft Visual Studio Solution File, Format Version 12.00
# Visual Studio Version 17
VisualStudioVersion = 17.7.34009.444
MinimumVisualStudioVersion = 10.0.40219.1
Project("{9A19103F-16F7-4668-BE54-9A1E7A4F7556}") = "Jumper.Creator.UI", "Jumper.Creator.UI\Jumper.Creator.UI.csproj", "{AEF23FAF-6C75-4794-881C-079BBA592467}"
EndProject
Project("{2150E333-8FDC-42A3-9474-1A3956D46DE8}") = "CQRS", "CQRS", "{3CFFE9E3-80DB-4330-945F-42C7B3EE4EA5}"
EndProject
Project("{9A19103F-16F7-4668-BE54-9A1E7A4F7556}") = "Jumper.Domain", "CQRS\Jumper.Domain\Jumper.Domain.csproj", "{EB7C2846-81D1-4951-BCF1-FD19CFC2732B}"
EndProject
Project("{9A19103F-16F7-4668-BE54-9A1E7A4F7556}") = "Jumper.Persistance", "CQRS\Jumper.Persistance\Jumper.Persistance.csproj", "{287D00E5-3404-4D14-AE2C-02F76586CF17}"
EndProject
Project("{2150E333-8FDC-42A3-9474-1A3956D46DE8}") = "CodeGenerator", "CodeGenerator", "{0F3749B1-7662-4085-935E-3D2845C3033F}"
EndProject
Project("{9A19103F-16F7-4668-BE54-9A1E7A4F7556}") = "Jumper.CodeGenerator.Api", "CodeGenerator\Jumper.CodeGenerator.Api\Jumper.CodeGenerator.Api.csproj", "{77DFF8A9-51E7-41F2-9C8F-D84EDBEAE815}"
EndProject
Project("{2150E333-8FDC-42A3-9474-1A3956D46DE8}") = "Common", "Common", "{16F759C1-44B7-49C3-B747-FD6FE33CC643}"
EndProject
Project("{9A19103F-16F7-4668-BE54-9A1E7A4F7556}") = "Jumper.Common", "Common\Jumper.Common\Jumper.Common.csproj", "{CAA0307C-671B-4856-B96B-5BD8DDC3DC6C}"
EndProject
Project("{9A19103F-16F7-4668-BE54-9A1E7A4F7556}") = "Jumper.Application", "CQRS\Jumper.Application\Jumper.Application.csproj", "{C0092168-ACD6-4038-97FE-91BFF19E9D40}"
EndProject
Project("{2150E333-8FDC-42A3-9474-1A3956D46DE8}") = "_Todo", "_Todo", "{2C3751B5-A9D5-4D28-B022-EC7AA7DA7A3E}"
	ProjectSection(SolutionItems) = preProject
		TodoList.txt = TodoList.txt
	EndProjectSection
EndProject
Project("{9A19103F-16F7-4668-BE54-9A1E7A4F7556}") = "Jumper.CodeGenerator.BuilderBase", "CodeGenerator\Jumper.CodeGenerator.BuilderBase\Jumper.CodeGenerator.BuilderBase.csproj", "{F4A1EF51-FA40-4B5A-BEC5-10469E4E6259}"
EndProject
Project("{9A19103F-16F7-4668-BE54-9A1E7A4F7556}") = "T4Test", "T4Test\T4Test.csproj", "{972FB042-FEC0-4B56-BEC2-92F5377244C2}"
EndProject
Project("{2150E333-8FDC-42A3-9474-1A3956D46DE8}") = "_JumperIdentityServer", "_JumperIdentityServer", "{CE1A0575-237F-433D-8884-98A47A818D12}"
EndProject
Project("{2150E333-8FDC-42A3-9474-1A3956D46DE8}") = "Cqrs", "Cqrs", "{50861ADF-8FF1-4EA0-8018-A8CE12684F44}"
EndProject
Project("{2150E333-8FDC-42A3-9474-1A3956D46DE8}") = "Common", "Common", "{DFD56398-67F7-4A51-8665-04F9A4037CB4}"
EndProject
Project("{2150E333-8FDC-42A3-9474-1A3956D46DE8}") = "Presentation", "Presentation", "{3769917C-479A-47CE-84AA-01A5F5D25C96}"
EndProject
Project("{9A19103F-16F7-4668-BE54-9A1E7A4F7556}") = "IdentityServer.Common", "JumperIdentityServer\Common\IdentityServer.Common\IdentityServer.Common.csproj", "{DFC54A18-D816-4403-8D9A-D27F00C1E31C}"
EndProject
Project("{9A19103F-16F7-4668-BE54-9A1E7A4F7556}") = "IdentityServer.Domain", "JumperIdentityServer\CQRS\IdentityServer.Domain\IdentityServer.Domain.csproj", "{8B2A1C99-C2B8-45E9-85A7-83207EB5AA41}"
EndProject
Project("{9A19103F-16F7-4668-BE54-9A1E7A4F7556}") = "IdentityServer.Persistence", "JumperIdentityServer\CQRS\IdentityServer.Persistence\IdentityServer.Persistence.csproj", "{E427CF4A-C2D9-4577-A505-6A08805527CF}"
EndProject
Project("{9A19103F-16F7-4668-BE54-9A1E7A4F7556}") = "IdentityServer.Application", "JumperIdentityServer\CQRS\IdentityServer.Application\IdentityServer.Application.csproj", "{08182CE3-54DD-44A7-942E-74CAF634423F}"
EndProject
Project("{9A19103F-16F7-4668-BE54-9A1E7A4F7556}") = "IdentityServer.UI.Api", "JumperIdentityServer\Presentation\IdentityServer.UI.Api\IdentityServer.UI.Api.csproj", "{470E1635-6A90-4A14-A614-989970958AD0}"
EndProject
Project("{2150E333-8FDC-42A3-9474-1A3956D46DE8}") = "Templates", "Templates", "{44DBACE4-C563-4AE3-BC28-55AF2CFBE34F}"
EndProject
Project("{9A19103F-16F7-4668-BE54-9A1E7A4F7556}") = "Jumper.CodeGenerator.CqrsBuilder", "Templates\Jumper.CodeGenerator.CqrsBuilder\Jumper.CodeGenerator.CqrsBuilder.csproj", "{F253C31E-4905-45E2-A42A-6D19666FE433}"
EndProject
Global
	GlobalSection(SolutionConfigurationPlatforms) = preSolution
		Debug|Any CPU = Debug|Any CPU
		Release|Any CPU = Release|Any CPU
	EndGlobalSection
	GlobalSection(ProjectConfigurationPlatforms) = postSolution
		{AEF23FAF-6C75-4794-881C-079BBA592467}.Debug|Any CPU.ActiveCfg = Debug|Any CPU
		{AEF23FAF-6C75-4794-881C-079BBA592467}.Debug|Any CPU.Build.0 = Debug|Any CPU
		{AEF23FAF-6C75-4794-881C-079BBA592467}.Release|Any CPU.ActiveCfg = Release|Any CPU
		{AEF23FAF-6C75-4794-881C-079BBA592467}.Release|Any CPU.Build.0 = Release|Any CPU
		{EB7C2846-81D1-4951-BCF1-FD19CFC2732B}.Debug|Any CPU.ActiveCfg = Debug|Any CPU
		{EB7C2846-81D1-4951-BCF1-FD19CFC2732B}.Debug|Any CPU.Build.0 = Debug|Any CPU
		{EB7C2846-81D1-4951-BCF1-FD19CFC2732B}.Release|Any CPU.ActiveCfg = Release|Any CPU
		{EB7C2846-81D1-4951-BCF1-FD19CFC2732B}.Release|Any CPU.Build.0 = Release|Any CPU
		{287D00E5-3404-4D14-AE2C-02F76586CF17}.Debug|Any CPU.ActiveCfg = Debug|Any CPU
		{287D00E5-3404-4D14-AE2C-02F76586CF17}.Debug|Any CPU.Build.0 = Debug|Any CPU
		{287D00E5-3404-4D14-AE2C-02F76586CF17}.Release|Any CPU.ActiveCfg = Release|Any CPU
		{287D00E5-3404-4D14-AE2C-02F76586CF17}.Release|Any CPU.Build.0 = Release|Any CPU
		{77DFF8A9-51E7-41F2-9C8F-D84EDBEAE815}.Debug|Any CPU.ActiveCfg = Debug|Any CPU
		{77DFF8A9-51E7-41F2-9C8F-D84EDBEAE815}.Debug|Any CPU.Build.0 = Debug|Any CPU
		{77DFF8A9-51E7-41F2-9C8F-D84EDBEAE815}.Release|Any CPU.ActiveCfg = Release|Any CPU
		{77DFF8A9-51E7-41F2-9C8F-D84EDBEAE815}.Release|Any CPU.Build.0 = Release|Any CPU
		{CAA0307C-671B-4856-B96B-5BD8DDC3DC6C}.Debug|Any CPU.ActiveCfg = Debug|Any CPU
		{CAA0307C-671B-4856-B96B-5BD8DDC3DC6C}.Debug|Any CPU.Build.0 = Debug|Any CPU
		{CAA0307C-671B-4856-B96B-5BD8DDC3DC6C}.Release|Any CPU.ActiveCfg = Release|Any CPU
		{CAA0307C-671B-4856-B96B-5BD8DDC3DC6C}.Release|Any CPU.Build.0 = Release|Any CPU
		{C0092168-ACD6-4038-97FE-91BFF19E9D40}.Debug|Any CPU.ActiveCfg = Debug|Any CPU
		{C0092168-ACD6-4038-97FE-91BFF19E9D40}.Debug|Any CPU.Build.0 = Debug|Any CPU
		{C0092168-ACD6-4038-97FE-91BFF19E9D40}.Release|Any CPU.ActiveCfg = Release|Any CPU
		{C0092168-ACD6-4038-97FE-91BFF19E9D40}.Release|Any CPU.Build.0 = Release|Any CPU
		{F4A1EF51-FA40-4B5A-BEC5-10469E4E6259}.Debug|Any CPU.ActiveCfg = Debug|Any CPU
		{F4A1EF51-FA40-4B5A-BEC5-10469E4E6259}.Debug|Any CPU.Build.0 = Debug|Any CPU
		{F4A1EF51-FA40-4B5A-BEC5-10469E4E6259}.Release|Any CPU.ActiveCfg = Release|Any CPU
		{F4A1EF51-FA40-4B5A-BEC5-10469E4E6259}.Release|Any CPU.Build.0 = Release|Any CPU
		{972FB042-FEC0-4B56-BEC2-92F5377244C2}.Debug|Any CPU.ActiveCfg = Debug|Any CPU
		{972FB042-FEC0-4B56-BEC2-92F5377244C2}.Debug|Any CPU.Build.0 = Debug|Any CPU
		{972FB042-FEC0-4B56-BEC2-92F5377244C2}.Release|Any CPU.ActiveCfg = Release|Any CPU
		{972FB042-FEC0-4B56-BEC2-92F5377244C2}.Release|Any CPU.Build.0 = Release|Any CPU
		{DFC54A18-D816-4403-8D9A-D27F00C1E31C}.Debug|Any CPU.ActiveCfg = Debug|Any CPU
		{DFC54A18-D816-4403-8D9A-D27F00C1E31C}.Debug|Any CPU.Build.0 = Debug|Any CPU
		{DFC54A18-D816-4403-8D9A-D27F00C1E31C}.Release|Any CPU.ActiveCfg = Release|Any CPU
		{DFC54A18-D816-4403-8D9A-D27F00C1E31C}.Release|Any CPU.Build.0 = Release|Any CPU
		{8B2A1C99-C2B8-45E9-85A7-83207EB5AA41}.Debug|Any CPU.ActiveCfg = Debug|Any CPU
		{8B2A1C99-C2B8-45E9-85A7-83207EB5AA41}.Debug|Any CPU.Build.0 = Debug|Any CPU
		{8B2A1C99-C2B8-45E9-85A7-83207EB5AA41}.Release|Any CPU.ActiveCfg = Release|Any CPU
		{8B2A1C99-C2B8-45E9-85A7-83207EB5AA41}.Release|Any CPU.Build.0 = Release|Any CPU
		{E427CF4A-C2D9-4577-A505-6A08805527CF}.Debug|Any CPU.ActiveCfg = Debug|Any CPU
		{E427CF4A-C2D9-4577-A505-6A08805527CF}.Debug|Any CPU.Build.0 = Debug|Any CPU
		{E427CF4A-C2D9-4577-A505-6A08805527CF}.Release|Any CPU.ActiveCfg = Release|Any CPU
		{E427CF4A-C2D9-4577-A505-6A08805527CF}.Release|Any CPU.Build.0 = Release|Any CPU
		{08182CE3-54DD-44A7-942E-74CAF634423F}.Debug|Any CPU.ActiveCfg = Debug|Any CPU
		{08182CE3-54DD-44A7-942E-74CAF634423F}.Debug|Any CPU.Build.0 = Debug|Any CPU
		{08182CE3-54DD-44A7-942E-74CAF634423F}.Release|Any CPU.ActiveCfg = Release|Any CPU
		{08182CE3-54DD-44A7-942E-74CAF634423F}.Release|Any CPU.Build.0 = Release|Any CPU
		{470E1635-6A90-4A14-A614-989970958AD0}.Debug|Any CPU.ActiveCfg = Debug|Any CPU
		{470E1635-6A90-4A14-A614-989970958AD0}.Debug|Any CPU.Build.0 = Debug|Any CPU
		{470E1635-6A90-4A14-A614-989970958AD0}.Release|Any CPU.ActiveCfg = Release|Any CPU
		{470E1635-6A90-4A14-A614-989970958AD0}.Release|Any CPU.Build.0 = Release|Any CPU
		{F253C31E-4905-45E2-A42A-6D19666FE433}.Debug|Any CPU.ActiveCfg = Debug|Any CPU
		{F253C31E-4905-45E2-A42A-6D19666FE433}.Debug|Any CPU.Build.0 = Debug|Any CPU
		{F253C31E-4905-45E2-A42A-6D19666FE433}.Release|Any CPU.ActiveCfg = Release|Any CPU
		{F253C31E-4905-45E2-A42A-6D19666FE433}.Release|Any CPU.Build.0 = Release|Any CPU
	EndGlobalSection
	GlobalSection(SolutionProperties) = preSolution
		HideSolutionNode = FALSE
	EndGlobalSection
	GlobalSection(NestedProjects) = preSolution
		{EB7C2846-81D1-4951-BCF1-FD19CFC2732B} = {3CFFE9E3-80DB-4330-945F-42C7B3EE4EA5}
		{287D00E5-3404-4D14-AE2C-02F76586CF17} = {3CFFE9E3-80DB-4330-945F-42C7B3EE4EA5}
		{77DFF8A9-51E7-41F2-9C8F-D84EDBEAE815} = {0F3749B1-7662-4085-935E-3D2845C3033F}
		{CAA0307C-671B-4856-B96B-5BD8DDC3DC6C} = {16F759C1-44B7-49C3-B747-FD6FE33CC643}
		{C0092168-ACD6-4038-97FE-91BFF19E9D40} = {3CFFE9E3-80DB-4330-945F-42C7B3EE4EA5}
		{F4A1EF51-FA40-4B5A-BEC5-10469E4E6259} = {0F3749B1-7662-4085-935E-3D2845C3033F}
		{50861ADF-8FF1-4EA0-8018-A8CE12684F44} = {CE1A0575-237F-433D-8884-98A47A818D12}
		{DFD56398-67F7-4A51-8665-04F9A4037CB4} = {CE1A0575-237F-433D-8884-98A47A818D12}
		{3769917C-479A-47CE-84AA-01A5F5D25C96} = {CE1A0575-237F-433D-8884-98A47A818D12}
		{DFC54A18-D816-4403-8D9A-D27F00C1E31C} = {DFD56398-67F7-4A51-8665-04F9A4037CB4}
		{8B2A1C99-C2B8-45E9-85A7-83207EB5AA41} = {50861ADF-8FF1-4EA0-8018-A8CE12684F44}
		{E427CF4A-C2D9-4577-A505-6A08805527CF} = {50861ADF-8FF1-4EA0-8018-A8CE12684F44}
		{08182CE3-54DD-44A7-942E-74CAF634423F} = {50861ADF-8FF1-4EA0-8018-A8CE12684F44}
		{470E1635-6A90-4A14-A614-989970958AD0} = {3769917C-479A-47CE-84AA-01A5F5D25C96}
		{F253C31E-4905-45E2-A42A-6D19666FE433} = {44DBACE4-C563-4AE3-BC28-55AF2CFBE34F}
	EndGlobalSection
	GlobalSection(ExtensibilityGlobals) = postSolution
		SolutionGuid = {E833199D-26AD-452E-B058-6E3DF1F420E1}
	EndGlobalSection
EndGlobal
